{
  "lockfileVersion": 1,
  "configVersion": 1,
  "workspaces": {
    "": {
      "name": "@corbits/cron",
      "dependencies": {
        "arktype": "^2.2.3",
      },
      "devDependencies": {
        "@intx/db": "0.4.0",
        "@types/bun": "1.3.9",
        "drizzle-orm": "0.45.3",
        "hono": "4.13.8",
        "postgres": "3.4.9",
        "typescript": "5.9.3",
      },
      "peerDependencies": {
        "@intx/db": "^0.4.0",
        "drizzle-orm": "^0.45.3",
        "hono": "^4.13.8",
        "postgres": "^3.4.9",
      },
    },
  },
  "packages": {
    "@ark/schema": ["@ark/schema@0.56.2", "", { "dependencies": { "@ark/util": "0.56.2" } }, "sha512-Qx4D2JFbBWpntiHZaTv7bGG4H/M2rigiknezKg/WVyDSaLdE4YCcWAOoFB7pjjDqHbbV2OqRfntm1nnXvwMexg=="],

    "@ark/util": ["@ark/util@0.56.2", "", {}, "sha512-9kU2sUE38FZEGG7l3hamYMBieLYEJh2L1mrYD2eXpT+78EnQSV1bhjxJhnxGBMSTbtwpBSDNSK+K60WvaI/DTQ=="],

    "@intx/authz": ["@intx/authz@0.4.0", "", { "dependencies": { "@intx/types": "0.4.0" } }, "sha512-A9x4EzcECnFjhDoqj0XjaOb1GaxRyJucXOuIbY+fcPluUuMCGFvExD6DJZwjJmIYdeCvL8i96gPkncu/fAR9qA=="],

    "@intx/crypto": ["@intx/crypto@0.4.0", "", { "dependencies": { "@intx/types": "0.4.0" } }, "sha512-4/qWypC90GevbV9u1i/93tn46jsXhj8wE1Pn+awg8/ECpwhHnhPLT5Uy423Arr9eGmRmF6HiMyXcEgH1Z9/Rkw=="],

    "@intx/db": ["@intx/db@0.4.0", "", { "dependencies": { "@intx/authz": "0.4.0", "@intx/crypto": "0.4.0", "@intx/hub-common": "0.4.0", "@intx/log": "0.4.0", "@intx/types": "0.4.0", "arktype": "^2.1.29", "drizzle-orm": "^0.45.1", "postgres": "^3.4.8" } }, "sha512-B26emrRrpIAlRygTWs6akVA6V/rN07v4YRxj3iTxzAOJVayIHSmPuPmKxqKN/AsBgLq6H1q94RP9sq05yb4twg=="],

    "@intx/hub-common": ["@intx/hub-common@0.4.0", "", { "dependencies": { "@intx/types": "0.4.0" } }, "sha512-4dcRX3kamqduf1Yil85GVsjXKnAnu6uqSYrAsl4vGpuV6R2DCy7z/PHd+DtIqk6TJrRdW7DtfkNXwSEc3dn2VQ=="],

    "@intx/log": ["@intx/log@0.4.0", "", { "dependencies": { "@logtape/hono": "^2.0.2", "@logtape/logtape": "^2.0.2" }, "peerDependencies": { "hono": "^4.0.0" }, "optionalPeers": ["hono"] }, "sha512-f1IPZ/9YpEqlA0I2UZPOlRJOTDoOFEZRwZoUVuw8DpgR1WatOMm4hA0E8o6Mtz+pA0ux7gVdls4y/JZcgypsfQ=="],

    "@intx/types": ["@intx/types@0.4.0", "", { "dependencies": { "arktype": "^2.1.29", "semver": "^7.7.2" } }, "sha512-nJ2fcmskMOZNMRfbHs5ueKpCANHNttoL+sZgIoFaVUF/QLpFWfVp0YV72CQAaa9bVv9j5kRSwtSOCCGSlwQ6Dw=="],

    "@logtape/hono": ["@logtape/hono@2.3.6", "", { "peerDependencies": { "@logtape/logtape": "^2.3.6", "hono": "^4.0.0" } }, "sha512-AHVyHBP7i/qTZMZLr2sFi91wz+Dpg6wIZuoFbU7IjkeYF/myOtOLF3GrrbBUd82inmtjSNJEttegwAiUmX2+QQ=="],

    "@logtape/logtape": ["@logtape/logtape@2.3.6", "", {}, "sha512-1ajI6YRkq+gIpgYVhOcJ4Mn5QUarSvWnnuj8SNMjwrjIcOy1ANEIcZyaLN+vPtL2MCa845D8ghXR8xDA+c3Khg=="],

    "@types/bun": ["@types/bun@1.3.9", "", { "dependencies": { "bun-types": "1.3.9" } }, "sha512-KQ571yULOdWJiMH+RIWIOZ7B2RXQGpL1YQrBtLIV3FqDcCu6FsbFUBwhdKUlCKUpS3PJDsHlJ1QKlpxoVR+xtw=="],

    "@types/node": ["@types/node@26.6.2", "", { "dependencies": { "undici-types": "~8.9.0" } }, "sha512-X1P21scMv4zGKLYqjdGjaKa7COa0RKVYYZZN/NfvLQ1JegxFhdhpZG/Lyn8AXx6CDUavKAd11v6BvfpkDByK8g=="],

    "arkregex": ["arkregex@0.0.8", "", { "dependencies": { "@ark/util": "0.56.2" } }, "sha512-PJcx6G1kQTgLKPUbeYlYecDRaKq15AMSGVajlKFYWlPeJRQL+j3dKE6tyMs40HZ99djS1l9Vhl3ezAHy9JBIqQ=="],

    "arktype": ["arktype@2.2.3", "", { "dependencies": { "@ark/schema": "0.56.2", "@ark/util": "0.56.2", "arkregex": "0.0.8" } }, "sha512-7W+0RLTUNJiBFIIZXwOQxSR8Z273IAd6IvqBeG9+gHnQKFsIx2C0iOtGTmMrPnlX4qLXyc5+ll7A0BIj9WrbTg=="],

    "bun-types": ["bun-types@1.3.9", "", { "dependencies": { "@types/node": "*" } }, "sha512-+UBWWOakIP4Tswh0Bt0QD0alpTY8cb5hvgiYeWCMet9YukHbzuruIEeXC2D7nMJPB12kbh8C7XJykSexEqGKJg=="],

    "drizzle-orm": ["drizzle-orm@0.45.3", "", { "peerDependencies": { "@aws-sdk/client-rds-data": ">=3", "@cloudflare/workers-types": ">=4", "@electric-sql/pglite": ">=0.2.0", "@libsql/client": ">=0.10.0", "@libsql/client-wasm": ">=0.10.0", "@neondatabase/serverless": ">=0.10.0", "@netlify/db": ">=0.4.0", "@op-engineering/op-sqlite": ">=2", "@opentelemetry/api": "^1.4.1", "@planetscale/database": ">=1.13", "@prisma/client": "*", "@tidbcloud/serverless": "*", "@types/better-sqlite3": "*", "@types/pg": "*", "@types/sql.js": "*", "@upstash/redis": ">=1.34.7", "@vercel/postgres": ">=0.8.0", "@xata.io/client": "*", "better-sqlite3": ">=7", "bun-types": "*", "expo-sqlite": ">=14.0.0", "gel": ">=2", "knex": "*", "kysely": "*", "mysql2": ">=2", "pg": ">=8", "postgres": ">=3", "prisma": "*", "sql.js": ">=1", "sqlite3": ">=5" }, "optionalPeers": ["@aws-sdk/client-rds-data", "@cloudflare/workers-types", "@electric-sql/pglite", "@libsql/client", "@libsql/client-wasm", "@neondatabase/serverless", "@netlify/db", "@op-engineering/op-sqlite", "@opentelemetry/api", "@planetscale/database", "@prisma/client", "@tidbcloud/serverless", "@types/better-sqlite3", "@types/pg", "@types/sql.js", "@upstash/redis", "@vercel/postgres", "@xata.io/client", "better-sqlite3", "bun-types", "expo-sqlite", "gel", "knex", "kysely", "mysql2", "pg", "postgres", "prisma", "sql.js", "sqlite3"] }, "sha512-CAloER21cDdcgZ1OmjrZX82EeRNsdP+y0onX/eyoYDaYzki/adrAa91lzM5jWh7zZPK4qUbw/6LGv9J+A+uizA=="],

    "hono": ["hono@4.13.8", "", {}, "sha512-/Gng7NfoykZl2pjukW5Z6+8Yxm3BPRf86GTbQnt0SbySkvax4fyL4H3HhY1cCpBGmiW9XDRFzRV+CXK2W8QudQ=="],

    "postgres": ["postgres@3.4.9", "", {}, "sha512-GD3qdB0x1z9xgFI6cdRD6xu2Sp2WCOEoe3mtnyB5Ee0XrrL5Pe+e4CCnJrRMnL1zYtRDZmQQVbvOttLnKDLnaw=="],

    "semver": ["semver@7.8.5", "", { "bin": { "semver": "bin/semver.js" } }, "sha512-Y7/KDsb8LjooZpwaqGyulO6DQlksgCncchHGk+sZIY4SBvUocMBEFH5Ur1fI4dV+Jvl0w6cjvucaIi40puRioA=="],

    "typescript": ["typescript@5.9.3", "", { "bin": { "tsc": "bin/tsc", "tsserver": "bin/tsserver" } }, "sha512-jl1vZzPDinLr9eUt3J/t7V6FgNEw9QjvBPdysz9KfQDD41fQrC2Y4vKQdiaUpFT4bXlb1RHhLpp8wtm6M5TgSw=="],

    "undici-types": ["undici-types@8.9.0", "", {}, "sha512-KTDyRTYX8sWmKXAikPHHSyc63CRPETMctyjKFupcC6OBLXT3xsN0e9aF7m+mIXutFWpUXuedtowG7iLOzp0kQg=="],
  }
}
